# THIS IS AN AUTOGENERATED FILE. DO NOT EDIT THIS FILE DIRECTLY.
# yarn lockfile v1


"@golive/pci-card-form@^0.0.1":
  "integrity" "sha512-88Bx4F6gooPA7wwMFG0jK3qcXh8XoK9UKkzxhi9Du9UITjQ5E3+QKwci7qGYIp59rJaqK3XsoYE8ykvJjXqWOA=="
  "resolved" "https://npm.pkg.github.com/download/@golive/pci-card-form/0.0.1/e2dd0c6d47c2376c5585c943dd28da4a456a3be3ad529a05acf6773fbd3d76da"
  "version" "0.0.1"
